
Microsoft Visual Studio Solution File, Format Version 12.00
Project("{FAE04EC0-301F-11D3-BF4B-00C04F79EFBC}") = "DSA", "DSA\DSA.csproj", "{90DAB7F1-8D68-4AEF-9AC6-D92F615E55AB}"
EndProject
Global
	GlobalSection(SolutionConfigurationPlatforms) = preSolution
		Debug|Any CPU = Debug|Any CPU
		Release|Any CPU = Release|Any CPU
	EndGlobalSection
	GlobalSection(ProjectConfigurationPlatforms) = postSolution
		{90DAB7F1-8D68-4AEF-9AC6-D92F615E55AB}.Debug|Any CPU.ActiveCfg = Debug|Any CPU
		{90DAB7F1-8D68-4AEF-9AC6-D92F615E55AB}.Debug|Any CPU.Build.0 = Debug|Any CPU
		{90DAB7F1-8D68-4AEF-9AC6-D92F615E55AB}.Release|Any CPU.ActiveCfg = Release|Any CPU
		{90DAB7F1-8D68-4AEF-9AC6-D92F615E55AB}.Release|Any CPU.Build.0 = Release|Any CPU
	EndGlobalSection
EndGlobal
